// !$*UTF8*$!
{
	archiveVersion = 1;
	classes = {
	};
	objectVersion = 46;
	objects = {

/* Begin PBXBuildFile section */
		138AFD4B1F661E0A00CFCF57 /* AppDelegate.swift in Sources */ = {isa = PBXBuildFile; fileRef = 138AFD4A1F661E0A00CFCF57 /* AppDelegate.swift */; };
		138AFD4D1F661E0A00CFCF57 /* ViewController.swift in Sources */ = {isa = PBXBuildFile; fileRef = 138AFD4C1F661E0A00CFCF57 /* ViewController.swift */; };
		138AFD501F661E0A00CFCF57 /* Main.storyboard in Resources */ = {isa = PBXBuildFile; fileRef = 138AFD4E1F661E0A00CFCF57 /* Main.storyboard */; };
		138AFD521F661E0A00CFCF57 /* Assets.xcassets in Resources */ = {isa = PBXBuildFile; fileRef = 138AFD511F661E0A00CFCF57 /* Assets.xcassets */; };
		138AFD551F661E0A00CFCF57 /* LaunchScreen.storyboard in Resources */ = {isa = PBXBuildFile; fileRef = 138AFD531F661E0A00CFCF57 /* LaunchScreen.storyboard */; };
		138AFD601F661E0A00CFCF57 /* calculatorTests.swift in Sources */ = {isa = PBXBuildFile; fileRef = 138AFD5F1F661E0A00CFCF57 /* calculatorTests.swift */; };
		138AFD6B1F661E0A00CFCF57 /* calculatorUITests.swift in Sources */ = {isa = PBXBuildFile; fileRef = 138AFD6A1F661E0A00CFCF57 /* calculatorUITests.swift */; };
/* End PBXBuildFile section */

/* Begin PBXContainerItemProxy section */
		138AFD5C1F661E0A00CFCF57 /* PBXContainerItemProxy */ = {
			isa = PBXContainerItemProxy;
			containerPortal = 138AFD3F1F661E0900CFCF57 /* Project object */;
			proxyType = 1;
			remoteGlobalIDString = 138AFD461F661E0A00CFCF57;
			remoteInfo = calculator;
		};
		138AFD671F661E0A00CFCF57 /* PBXContainerItemProxy */ = {
			isa = PBXContainerItemProxy;
			containerPortal = 138AFD3F1F661E0900CFCF57 /* Project object */;
			proxyType = 1;
			remoteGlobalIDString = 138AFD461F661E0A00CFCF57;
			remoteInfo = calculator;
		};
/* End PBXContainerItemProxy section */

/* Begin PBXFileReference section */
		138AFD471F661E0A00CFCF57 /* calculator.app */ = {isa = PBXFileReference; explicitFileType = wrapper.application; includeInIndex = 0; path = calculator.app; sourceTree = BUILT_PRODUCTS_DIR; };
		138AFD4A1F661E0A00CFCF57 /* AppDelegate.swift */ = {isa = PBXFileReference; lastKnownFileType = sourcecode.swift; path = AppDelegate.swift; sourceTree = "<group>"; };
		138AFD4C1F661E0A00CFCF57 /* ViewController.swift */ = {isa = PBXFileReference; lastKnownFileType = sourcecode.swift; path = ViewController.swift; sourceTree = "<group>"; };
		138AFD4F1F661E0A00CFCF57 /* Base */ = {isa = PBXFileReference; lastKnownFileType = file.storyboard; name = Base; path = Base.lproj/Main.storyboard; sourceTree = "<group>"; };
		138AFD511F661E0A00CFCF57 /* Assets.xcassets */ = {isa = PBXFileReference; lastKnownFileType = folder.assetcatalog; path = Assets.xcassets; sourceTree = "<group>"; };
		138AFD541F661E0A00CFCF57 /* Base */ = {isa = PBXFileReference; lastKnownFileType = file.storyboard; name = Base; path = Base.lproj/LaunchScreen.storyboard; sourceTree = "<group>"; };
		138AFD561F661E0A00CFCF57 /* Info.plist */ = {isa = PBXFileReference; lastKnownFileType = text.plist.xml; path = Info.plist; sourceTree = "<group>"; };
		138AFD5B1F661E0A00CFCF57 /* calculatorTests.xctest */ = {isa = PBXFileReference; explicitFileType = wrapper.cfbundle; includeInIndex = 0; path = calculatorTests.xctest; sourceTree = BUILT_PRODUCTS_DIR; };
		138AFD5F1F661E0A00CFCF57 /* calculatorTests.swift */ = {isa = PBXFileReference; lastKnownFileType = sourcecode.swift; path = calculatorTests.swift; sourceTree = "<group>"; };
		138AFD611F661E0A00CFCF57 /* Info.plist */ = {isa = PBXFileReference; lastKnownFileType = text.plist.xml; path = Info.plist; sourceTree = "<group>"; };
		138AFD661F661E0A00CFCF57 /* calculatorUITests.xctest */ = {isa = PBXFileReference; explicitFileType = wrapper.cfbundle; includeInIndex = 0; path = calculatorUITests.xctest; sourceTree = BUILT_PRODUCTS_DIR; };
		138AFD6A1F661E0A00CFCF57 /* calculatorUITests.swift */ = {isa = PBXFileReference; lastKnownFileType = sourcecode.swift; path = calculatorUITests.swift; sourceTree = "<group>"; };
		138AFD6C1F661E0A00CFCF57 /* Info.plist */ = {isa = PBXFileReference; lastKnownFileType = text.plist.xml; path = Info.plist; sourceTree = "<group>"; };
/* End PBXFileReference section */

/* Begin PBXFrameworksBuildPhase section */
		138AFD441F661E0A00CFCF57 /* Frameworks */ = {
			isa = PBXFrameworksBuildPhase;
			buildActionMask = 2147483647;
			files = (
			);
			runOnlyForDeploymentPostprocessing = 0;
		};
		138AFD581F661E0A00CFCF57 /* Frameworks */ = {
			isa = PBXFrameworksBuildPhase;
			buildActionMask = 2147483647;
			files = (
			);
			runOnlyForDeploymentPostprocessing = 0;
		};
		138AFD631F661E0A00CFCF57 /* Frameworks */ = {
			isa = PBXFrameworksBuildPhase;
			buildActionMask = 2147483647;
			files = (
			);
			runOnlyForDeploymentPostprocessing = 0;
		};
/* End PBXFrameworksBuildPhase section */

/* Begin PBXGroup section */
		138AFD3E1F661E0900CFCF57 = {
			isa = PBXGroup;
			children = (
				138AFD491F661E0A00CFCF57 /* calculator */,
				138AFD5E1F661E0A00CFCF57 /* calculatorTests */,
				138AFD691F661E0A00CFCF57 /* calculatorUITests */,
				138AFD481F661E0A00CFCF57 /* Products */,
			);
			sourceTree = "<group>";
		};
		138AFD481F661E0A00CFCF57 /* Products */ = {
			isa = PBXGroup;
			children = (
				138AFD471F661E0A00CFCF57 /* calculator.app */,
				138AFD5B1F661E0A00CFCF57 /* calculatorTests.xctest */,
				138AFD661F661E0A00CFCF57 /* calculatorUITests.xctest */,
			);
			name = Products;
			sourceTree = "<group>";
		};
		138AFD491F661E0A00CFCF57 /* calculator */ = {
			isa = PBXGroup;
			children = (
				138AFD4A1F661E0A00CFCF57 /* AppDelegate.swift */,
				138AFD4C1F661E0A00CFCF57 /* ViewController.swift */,
				138AFD4E1F661E0A00CFCF57 /* Main.storyboard */,
				138AFD511F661E0A00CFCF57 /* Assets.xcassets */,
				138AFD531F661E0A00CFCF57 /* LaunchScreen.storyboard */,
				138AFD561F661E0A00CFCF57 /* Info.plist */,
			);
			path = calculator;
			sourceTree = "<group>";
		};
		138AFD5E1F661E0A00CFCF57 /* calculatorTests */ = {
			isa = PBXGroup;
			children = (
				138AFD5F1F661E0A00CFCF57 /* calculatorTests.swift */,
				138AFD611F661E0A00CFCF57 /* Info.plist */,
			);
			path = calculatorTests;
			sourceTree = "<group>";
		};
		138AFD691F661E0A00CFCF57 /* calculatorUITests */ = {
			isa = PBXGroup;
			children = (
				138AFD6A1F661E0A00CFCF57 /* calculatorUITests.swift */,
				138AFD6C1F661E0A00CFCF57 /* Info.plist */,
			);
			path = calculatorUITests;
			sourceTree = "<group>";
		};
/* End PBXGroup section */

/* Begin PBXNativeTarget section */
		138AFD461F661E0A00CFCF57 /* calculator */ = {
			isa = PBXNativeTarget;
			buildConfigurationList = 138AFD6F1F661E0A00CFCF57 /* Build configuration list for PBXNativeTarget "calculator" */;
			buildPhases = (
				138AFD431F661E0A00CFCF57 /* Sources */,
				138AFD441F661E0A00CFCF57 /* Frameworks */,
				138AFD451F661E0A00CFCF57 /* Resources */,
			);
			buildRules = (
			);
			dependencies = (
			);
			name = calculator;
			productName = calculator;
			productReference = 138AFD471F661E0A00CFCF57 /* calculator.app */;
			productType = "com.apple.product-type.application";
		};
		138AFD5A1F661E0A00CFCF57 /* calculatorTests */ = {
			isa = PBXNativeTarget;
			buildConfigurationList = 138AFD721F661E0A00CFCF57 /* Build configuration list for PBXNativeTarget "calculatorTests" */;
			buildPhases = (
				138AFD571F661E0A00CFCF57 /* Sources */,
				138AFD581F661E0A00CFCF57 /* Frameworks */,
				138AFD591F661E0A00CFCF57 /* Resources */,
			);
			buildRules = (
			);
			dependencies = (
				138AFD5D1F661E0A00CFCF57 /* PBXTargetDependency */,
			);
			name = calculatorTests;
			productName = calculatorTests;
			productReference = 138AFD5B1F661E0A00CFCF57 /* calculatorTests.xctest */;
			productType = "com.apple.product-type.bundle.unit-test";
		};
		138AFD651F661E0A00CFCF57 /* calculatorUITests */ = {
			isa = PBXNativeTarget;
			buildConfigurationList = 138AFD751F661E0A00CFCF57 /* Build configuration list for PBXNativeTarget "calculatorUITests" */;
			buildPhases = (
				138AFD621F661E0A00CFCF57 /* Sources */,
				138AFD631F661E0A00CFCF57 /* Frameworks */,
				138AFD641F661E0A00CFCF57 /* Resources */,
			);
			buildRules = (
			);
			dependencies = (
				138AFD681F661E0A00CFCF57 /* PBXTargetDependency */,
			);
			name = calculatorUITests;
			productName = calculatorUITests;
			productReference = 138AFD661F661E0A00CFCF57 /* calculatorUITests.xctest */;
			productType = "com.apple.product-type.bundle.ui-testing";
		};
/* End PBXNativeTarget section */

/* Begin PBXProject section */
		138AFD3F1F661E0900CFCF57 /* Project object */ = {
			isa = PBXProject;
			attributes = {
				LastSwiftUpdateCheck = 0830;
				LastUpgradeCheck = 0830;
				ORGANIZATIONNAME = mcmorro1;
				TargetAttributes = {
					138AFD461F661E0A00CFCF57 = {
						CreatedOnToolsVersion = 8.3.3;
						DevelopmentTeam = K63DT5L89W;
						ProvisioningStyle = Automatic;
					};
					138AFD5A1F661E0A00CFCF57 = {
						CreatedOnToolsVersion = 8.3.3;
						DevelopmentTeam = K63DT5L89W;
						ProvisioningStyle = Automatic;
						TestTargetID = 138AFD461F661E0A00CFCF57;
					};
					138AFD651F661E0A00CFCF57 = {
						CreatedOnToolsVersion = 8.3.3;
						DevelopmentTeam = K63DT5L89W;
						ProvisioningStyle = Automatic;
						TestTargetID = 138AFD461F661E0A00CFCF57;
					};
				};
			};
			buildConfigurationList = 138AFD421F661E0900CFCF57 /* Build configuration list for PBXProject "calculator" */;
			compatibilityVersion = "Xcode 3.2";
			developmentRegion = English;
			hasScannedForEncodings = 0;
			knownRegions = (
				en,
				Base,
			);
			mainGroup = 138AFD3E1F661E0900CFCF57;
			productRefGroup = 138AFD481F661E0A00CFCF57 /* Products */;
			projectDirPath = "";
			projectRoot = "";
			targets = (
				138AFD461F661E0A00CFCF57 /* calculator */,
				138AFD5A1F661E0A00CFCF57 /* calculatorTests */,
				138AFD651F661E0A00CFCF57 /* calculatorUITests */,
			);
		};
/* End PBXProject section */

/* Begin PBXResourcesBuildPhase section */
		138AFD451F661E0A00CFCF57 /* Resources */ = {
			isa = PBXResourcesBuildPhase;
			buildActionMask = 2147483647;
			files = (
				138AFD551F661E0A00CFCF57 /* LaunchScreen.storyboard in Resources */,
				138AFD521F661E0A00CFCF57 /* Assets.xcassets in Resources */,
				138AFD501F661E0A00CFCF57 /* Main.storyboard in Resources */,
			);
			runOnlyForDeploymentPostprocessing = 0;
		};
		138AFD591F661E0A00CFCF57 /* Resources */ = {
			isa = PBXResourcesBuildPhase;
			buildActionMask = 2147483647;
			files = (
			);
			runOnlyForDeploymentPostprocessing = 0;
		};
		138AFD641F661E0A00CFCF57 /* Resources */ = {
			isa = PBXResourcesBuildPhase;
			buildActionMask = 2147483647;
			files = (
			);
			runOnlyForDeploymentPostprocessing = 0;
		};
/* End PBXResourcesBuildPhase section */

/* Begin PBXSourcesBuildPhase section */
		138AFD431F661E0A00CFCF57 /* Sources */ = {
			isa = PBXSourcesBuildPhase;
			buildActionMask = 2147483647;
			files = (
				138AFD4D1F661E0A00CFCF57 /* ViewController.swift in Sources */,
				138AFD4B1F661E0A00CFCF57 /* AppDelegate.swift in Sources */,
			);
			runOnlyForDeploymentPostprocessing = 0;
		};
		138AFD571F661E0A00CFCF57 /* Sources */ = {
			isa = PBXSourcesBuildPhase;
			buildActionMask = 2147483647;
			files = (
				138AFD601F661E0A00CFCF57 /* calculatorTests.swift in Sources */,
			);
			runOnlyForDeploymentPostprocessing = 0;
		};
		138AFD621F661E0A00CFCF57 /* Sources */ = {
			isa = PBXSourcesBuildPhase;
			buildActionMask = 2147483647;
			files = (
				138AFD6B1F661E0A00CFCF57 /* calculatorUITests.swift in Sources */,
			);
			runOnlyForDeploymentPostprocessing = 0;
		};
/* End PBXSourcesBuildPhase section */

/* Begin PBXTargetDependency section */
		138AFD5D1F661E0A00CFCF57 /* PBXTargetDependency */ = {
			isa = PBXTargetDependency;
			target = 138AFD461F661E0A00CFCF57 /* calculator */;
			targetProxy = 138AFD5C1F661E0A00CFCF57 /* PBXContainerItemProxy */;
		};
		138AFD681F661E0A00CFCF57 /* PBXTargetDependency */ = {
			isa = PBXTargetDependency;
			target = 138AFD461F661E0A00CFCF57 /* calculator */;
			targetProxy = 138AFD671F661E0A00CFCF57 /* PBXContainerItemProxy */;
		};
/* End PBXTargetDependency section */

/* Begin PBXVariantGroup section */
		138AFD4E1F661E0A00CFCF57 /* Main.storyboard */ = {
			isa = PBXVariantGroup;
			children = (
				138AFD4F1F661E0A00CFCF57 /* Base */,
			);
			name = Main.storyboard;
			sourceTree = "<group>";
		};
		138AFD531F661E0A00CFCF57 /* LaunchScreen.storyboard */ = {
			isa = PBXVariantGroup;
			children = (
				138AFD541F661E0A00CFCF57 /* Base */,
			);
			name = LaunchScreen.storyboard;
			sourceTree = "<group>";
		};
/* End PBXVariantGroup section */

/* Begin XCBuildConfiguration section */
		138AFD6D1F661E0A00CFCF57 /* Debug */ = {
			isa = XCBuildConfiguration;
			buildSettings = {
				ALWAYS_SEARCH_USER_PATHS = NO;
				CLANG_ANALYZER_NONNULL = YES;
				CLANG_ANALYZER_NUMBER_OBJECT_CONVERSION = YES_AGGRESSIVE;
				CLANG_CXX_LANGUAGE_STANDARD = "gnu++0x";
				CLANG_CXX_LIBRARY = "libc++";
				CLANG_ENABLE_MODULES = YES;
				CLANG_ENABLE_OBJC_ARC = YES;
				CLANG_WARN_BOOL_CONVERSION = YES;
				CLANG_WARN_CONSTANT_CONVERSION = YES;
				CLANG_WARN_DIRECT_OBJC_ISA_USAGE = YES_ERROR;
				CLANG_WARN_DOCUMENTATION_COMMENTS = YES;
				CLANG_WARN_EMPTY_BODY = YES;
				CLANG_WARN_ENUM_CONVERSION = YES;
				CLANG_WARN_INFINITE_RECURSION = YES;
				CLANG_WARN_INT_CONVERSION = YES;
				CLANG_WARN_OBJC_ROOT_CLASS = YES_ERROR;
				CLANG_WARN_SUSPICIOUS_MOVE = YES;
				CLANG_WARN_UNREACHABLE_CODE = YES;
				CLANG_WARN__DUPLICATE_METHOD_MATCH = YES;
				"CODE_SIGN_IDENTITY[sdk=iphoneos*]" = "iPhone Developer";
				COPY_PHASE_STRIP = NO;
				DEBUG_INFORMATION_FORMAT = dwarf;
				ENABLE_STRICT_OBJC_MSGSEND = YES;
				ENABLE_TESTABILITY = YES;
				GCC_C_LANGUAGE_STANDARD = gnu99;
				GCC_DYNAMIC_NO_PIC = NO;
				GCC_NO_COMMON_BLOCKS = YES;
				GCC_OPTIMIZATION_LEVEL = 0;
				GCC_PREPROCESSOR_DEFINITIONS = (
					"DEBUG=1",
					"$(inherited)",
				);
				GCC_WARN_64_TO_32_BIT_CONVERSION = YES;
				GCC_WARN_ABOUT_RETURN_TYPE = YES_ERROR;
				GCC_WARN_UNDECLARED_SELECTOR = YES;
				GCC_WARN_UNINITIALIZED_AUTOS = YES_AGGRESSIVE;
				GCC_WARN_UNUSED_FUNCTION = YES;
				GCC_WARN_UNUSED_VARIABLE = YES;
				IPHONEOS_DEPLOYMENT_TARGET = 10.3;
				MTL_ENABLE_DEBUG_INFO = YES;
				ONLY_ACTIVE_ARCH = YES;
				SDKROOT = iphoneos;
				SWIFT_ACTIVE_COMPILATION_CONDITIONS = DEBUG;
				SWIFT_OPTIMIZATION_LEVEL = "-Onone";
				TARGETED_DEVICE_FAMILY = "1,2";
			};
			name = Debug;
		};
		138AFD6E1F661E0A00CFCF57 /* Release */ = {
			isa = XCBuildConfiguration;
			buildSettings = {
				ALWAYS_SEARCH_USER_PATHS = NO;
				CLANG_ANALYZER_NONNULL = YES;
				CLANG_ANALYZER_NUMBER_OBJECT_CONVERSION = YES_AGGRESSIVE;
				CLANG_CXX_LANGUAGE_STANDARD = "gnu++0x";
				CLANG_CXX_LIBRARY = "libc++";
				CLANG_ENABLE_MODULES = YES;
				CLANG_ENABLE_OBJC_ARC = YES;
				CLANG_WARN_BOOL_CONVERSION = YES;
				CLANG_WARN_CONSTANT_CONVERSION = YES;
				CLANG_WARN_DIRECT_OBJC_ISA_USAGE = YES_ERROR;
				CLANG_WARN_DOCUMENTATION_COMMENTS = YES;
				CLANG_WARN_EMPTY_BODY = YES;
				CLANG_WARN_ENUM_CONVERSION = YES;
				CLANG_WARN_INFINITE_RECURSION = YES;
				CLANG_WARN_INT_CONVERSION = YES;
				CLANG_WARN_OBJC_ROOT_CLASS = YES_ERROR;
				CLANG_WARN_SUSPICIOUS_MOVE = YES;
				CLANG_WARN_UNREACHABLE_CODE = YES;
				CLANG_WARN__DUPLICATE_METHOD_MATCH = YES;
				"CODE_SIGN_IDENTITY[sdk=iphoneos*]" = "iPhone Developer";
				COPY_PHASE_STRIP = NO;
				DEBUG_INFORMATION_FORMAT = "dwarf-with-dsym";
				ENABLE_NS_ASSERTIONS = NO;
				ENABLE_STRICT_OBJC_MSGSEND = YES;
				GCC_C_LANGUAGE_STANDARD = gnu99;
				GCC_NO_COMMON_BLOCKS = YES;
				GCC_WARN_64_TO_32_BIT_CONVERSION = YES;
				GCC_WARN_ABOUT_RETURN_TYPE = YES_ERROR;
				GCC_WARN_UNDECLARED_SELECTOR = YES;
				GCC_WARN_UNINITIALIZED_AUTOS = YES_AGGRESSIVE;
				GCC_WARN_UNUSED_FUNCTION = YES;
				GCC_WARN_UNUSED_VARIABLE = YES;
				IPHONEOS_DEPLOYMENT_TARGET = 10.3;
				MTL_ENABLE_DEBUG_INFO = NO;
				SDKROOT = iphoneos;
				SWIFT_OPTIMIZATION_LEVEL = "-Owholemodule";
				TARGETED_DEVICE_FAMILY = "1,2";
				VALIDATE_PRODUCT = YES;
			};
			name = Release;
		};
		138AFD701F661E0A00CFCF57 /* Debug */ = {
			isa = XCBuildConfiguration;
			buildSettings = {
				ASSETCATALOG_COMPILER_APPICON_NAME = AppIcon;
				DEVELOPMENT_TEAM = K63DT5L89W;
				INFOPLIST_FILE = calculator/Info.plist;
				LD_RUNPATH_SEARCH_PATHS = "$(inherited) @executable_path/Frameworks";
				PRODUCT_BUNDLE_IDENTIFIER = com.mariamorrow.calculator;
				PRODUCT_NAME = "$(TARGET_NAME)";
				SWIFT_VERSION = 3.0;
			};
			name = Debug;
		};
		138AFD711F661E0A00CFCF57 /* Release */ = {
			isa = XCBuildConfiguration;
			buildSettings = {
				ASSETCATALOG_COMPILER_APPICON_NAME = AppIcon;
				DEVELOPMENT_TEAM = K63DT5L89W;
				INFOPLIST_FILE = calculator/Info.plist;
				LD_RUNPATH_SEARCH_PATHS = "$(inherited) @executable_path/Frameworks";
				PRODUCT_BUNDLE_IDENTIFIER = com.mariamorrow.calculator;
				PRODUCT_NAME = "$(TARGET_NAME)";
				SWIFT_VERSION = 3.0;
			};
			name = Release;
		};
		138AFD731F661E0A00CFCF57 /* Debug */ = {
			isa = XCBuildConfiguration;
			buildSettings = {
				ALWAYS_EMBED_SWIFT_STANDARD_LIBRARIES = YES;
				BUNDLE_LOADER = "$(TEST_HOST)";
				DEVELOPMENT_TEAM = K63DT5L89W;
				INFOPLIST_FILE = calculatorTests/Info.plist;
				LD_RUNPATH_SEARCH_PATHS = "$(inherited) @executable_path/Frameworks @loader_path/Frameworks";
				PRODUCT_BUNDLE_IDENTIFIER = com.mariamorrow.calculatorTests;
				PRODUCT_NAME = "$(TARGET_NAME)";
				SWIFT_VERSION = 3.0;
				TEST_HOST = "$(BUILT_PRODUCTS_DIR)/calculator.app/calculator";
			};
			name = Debug;
		};
		138AFD741F661E0A00CFCF57 /* Release */ = {
			isa = XCBuildConfiguration;
			buildSettings = {
				ALWAYS_EMBED_SWIFT_STANDARD_LIBRARIES = YES;
				BUNDLE_LOADER = "$(TEST_HOST)";
				DEVELOPMENT_TEAM = K63DT5L89W;
				INFOPLIST_FILE = calculatorTests/Info.plist;
				LD_RUNPATH_SEARCH_PATHS = "$(inherited) @executable_path/Frameworks @loader_path/Frameworks";
				PRODUCT_BUNDLE_IDENTIFIER = com.mariamorrow.calculatorTests;
				PRODUCT_NAME = "$(TARGET_NAME)";
				SWIFT_VERSION = 3.0;
				TEST_HOST = "$(BUILT_PRODUCTS_DIR)/calculator.app/calculator";
			};
			name = Release;
		};
		138AFD761F661E0A00CFCF57 /* Debug */ = {
			isa = XCBuildConfiguration;
			buildSettings = {
				ALWAYS_EMBED_SWIFT_STANDARD_LIBRARIES = YES;
				DEVELOPMENT_TEAM = K63DT5L89W;
				INFOPLIST_FILE = calculatorUITests/Info.plist;
				LD_RUNPATH_SEARCH_PATHS = "$(inherited) @executable_path/Frameworks @loader_path/Frameworks";
				PRODUCT_BUNDLE_IDENTIFIER = com.mariamorrow.calculatorUITests;
				PRODUCT_NAME = "$(TARGET_NAME)";
				SWIFT_VERSION = 3.0;
				TEST_TARGET_NAME = calculator;
			};
			name = Debug;
		};
		138AFD771F661E0A00CFCF57 /* Release */ = {
			isa = XCBuildConfiguration;
			buildSettings = {
				ALWAYS_EMBED_SWIFT_STANDARD_LIBRARIES = YES;
				DEVELOPMENT_TEAM = K63DT5L89W;
				INFOPLIST_FILE = calculatorUITests/Info.plist;
				LD_RUNPATH_SEARCH_PATHS = "$(inherited) @executable_path/Frameworks @loader_path/Frameworks";
				PRODUCT_BUNDLE_IDENTIFIER = com.mariamorrow.calculatorUITests;
				PRODUCT_NAME = "$(TARGET_NAME)";
				SWIFT_VERSION = 3.0;
				TEST_TARGET_NAME = calculator;
			};
			name = Release;
		};
/* End XCBuildConfiguration section */

/* Begin XCConfigurationList section */
		138AFD421F661E0900CFCF57 /* Build configuration list for PBXProject "calculator" */ = {
			isa = XCConfigurationList;
			buildConfigurations = (
				138AFD6D1F661E0A00CFCF57 /* Debug */,
				138AFD6E1F661E0A00CFCF57 /* Release */,
			);
			defaultConfigurationIsVisible = 0;
			defaultConfigurationName = Release;
		};
		138AFD6F1F661E0A00CFCF57 /* Build configuration list for PBXNativeTarget "calculator" */ = {
			isa = XCConfigurationList;
			buildConfigurations = (
				138AFD701F661E0A00CFCF57 /* Debug */,
				138AFD711F661E0A00CFCF57 /* Release */,
			);
			defaultConfigurationIsVisible = 0;
		};
		138AFD721F661E0A00CFCF57 /* Build configuration list for PBXNativeTarget "calculatorTests" */ = {
			isa = XCConfigurationList;
			buildConfigurations = (
				138AFD731F661E0A00CFCF57 /* Debug */,
				138AFD741F661E0A00CFCF57 /* Release */,
			);
			defaultConfigurationIsVisible = 0;
		};
		138AFD751F661E0A00CFCF57 /* Build configuration list for PBXNativeTarget "calculatorUITests" */ = {
			isa = XCConfigurationList;
			buildConfigurations = (
				138AFD761F661E0A00CFCF57 /* Debug */,
				138AFD771F661E0A00CFCF57 /* Release */,
			);
			defaultConfigurationIsVisible = 0;
		};
/* End XCConfigurationList section */
	};
	rootObject = 138AFD3F1F661E0900CFCF57 /* Project object */;
}
